
Microsoft Visual Studio Solution File, Format Version 12.00
# Visual Studio 15
VisualStudioVersion = 15.0.28307.572
MinimumVisualStudioVersion = 10.0.40219.1
Project("{FAE04EC0-301F-11D3-BF4B-00C04F79EFBC}") = "1000_zadach_integer", "1000_zadach_integer\1000_zadach_integer.csproj", "{4C7124BD-2915-4016-959F-D732A0BC2D1A}"
EndProject
Project("{FAE04EC0-301F-11D3-BF4B-00C04F79EFBC}") = "001_Integer", "001_Integer\001_Integer.csproj", "{64E5F2AD-5115-4C58-B9A4-AC4E0832E8FC}"
EndProject
Project("{FAE04EC0-301F-11D3-BF4B-00C04F79EFBC}") = "002_Integer", "002_Integer\002_Integer.csproj", "{550A6545-962B-4766-A04E-9ED1AC861D1D}"
EndProject
Project("{FAE04EC0-301F-11D3-BF4B-00C04F79EFBC}") = "003_Integer", "003_Integer\003_Integer.csproj", "{C50BF39A-C38F-415D-8E56-8E7C9E8693A8}"
EndProject
Project("{FAE04EC0-301F-11D3-BF4B-00C04F79EFBC}") = "004_Integer", "004_Integer\004_Integer.csproj", "{1C530025-52E2-4000-8FF9-D996CE0F0FB7}"
EndProject
Project("{FAE04EC0-301F-11D3-BF4B-00C04F79EFBC}") = "005_Integer", "005_Integer\005_Integer.csproj", "{6759E57F-F6F4-416E-B773-98D98678808A}"
EndProject
Project("{FAE04EC0-301F-11D3-BF4B-00C04F79EFBC}") = "006_Integer", "006_Integer\006_Integer.csproj", "{3C51F631-1EBE-48E8-9C37-086B71403CE1}"
EndProject
Project("{FAE04EC0-301F-11D3-BF4B-00C04F79EFBC}") = "007_Integer", "007_Integer\007_Integer.csproj", "{A5F3A25F-8D23-4848-B99D-3BC845CD7D46}"
EndProject
Project("{FAE04EC0-301F-11D3-BF4B-00C04F79EFBC}") = "008_Integer", "008_Integer\008_Integer.csproj", "{3B9F8A83-BD16-4F5C-917F-2ADFC6686BBB}"
EndProject
Project("{FAE04EC0-301F-11D3-BF4B-00C04F79EFBC}") = "009_Integer", "009_Integer\009_Integer.csproj", "{6F8AC95E-3FD2-4409-89F4-EF64FA373DA4}"
EndProject
Project("{FAE04EC0-301F-11D3-BF4B-00C04F79EFBC}") = "010_Integer", "010_Integer\010_Integer.csproj", "{A349E873-2DB3-4E7C-A736-8EEE88891697}"
EndProject
Project("{FAE04EC0-301F-11D3-BF4B-00C04F79EFBC}") = "011_Integer", "011_Integer\011_Integer.csproj", "{51594D57-48E2-465F-A994-634F82C2044F}"
EndProject
Project("{FAE04EC0-301F-11D3-BF4B-00C04F79EFBC}") = "012_Integer", "012_Begin\012_Integer.csproj", "{1F0C3BA0-AE8F-418E-9E27-AD6111B9F169}"
EndProject
Project("{FAE04EC0-301F-11D3-BF4B-00C04F79EFBC}") = "013_Integer", "013_Integer\013_Integer.csproj", "{563C88A8-5EC3-4CB2-99DE-3345431E5B4C}"
EndProject
Project("{FAE04EC0-301F-11D3-BF4B-00C04F79EFBC}") = "014_Integer", "014_Integer\014_Integer.csproj", "{C7711A1D-3F02-4273-8B4E-95388BA18DB5}"
EndProject
Project("{FAE04EC0-301F-11D3-BF4B-00C04F79EFBC}") = "015_Integer", "015_Integer\015_Integer.csproj", "{A93F9EEB-23A8-415A-987F-2E91480EE486}"
EndProject
Project("{FAE04EC0-301F-11D3-BF4B-00C04F79EFBC}") = "016_Integer", "016_Integer\016_Integer.csproj", "{19A73591-1143-411D-9A86-1D0FFF057001}"
EndProject
Project("{FAE04EC0-301F-11D3-BF4B-00C04F79EFBC}") = "017_Integer", "017_Integer\017_Integer.csproj", "{28149EA8-B4BD-47A9-840C-BF19DED53980}"
EndProject
Project("{FAE04EC0-301F-11D3-BF4B-00C04F79EFBC}") = "018_Integer", "018_Integer\018_Integer.csproj", "{2A45FDFF-C81D-43C7-8986-4FB60F206169}"
EndProject
Project("{FAE04EC0-301F-11D3-BF4B-00C04F79EFBC}") = "019_Integer", "019_Integer\019_Integer.csproj", "{47C483A4-F8FA-4C24-AA34-A31FA733C5E5}"
EndProject
Project("{FAE04EC0-301F-11D3-BF4B-00C04F79EFBC}") = "020_Integer", "020_Integer\020_Integer.csproj", "{2C62C185-09B9-454E-95E8-B349ABCAE22C}"
EndProject
Project("{FAE04EC0-301F-11D3-BF4B-00C04F79EFBC}") = "021_Integer", "021_Integer\021_Integer.csproj", "{0E071D14-7C29-45B9-843A-A5A58555A3AE}"
EndProject
Project("{FAE04EC0-301F-11D3-BF4B-00C04F79EFBC}") = "022_Integer", "022_Integer\022_Integer.csproj", "{30F51720-8041-4DD7-9649-ABA6D2A7644B}"
EndProject
Project("{FAE04EC0-301F-11D3-BF4B-00C04F79EFBC}") = "023_Integer", "023_Integer\023_Integer.csproj", "{6F6A51A8-2F9B-4438-B19E-210F231F539C}"
EndProject
Project("{FAE04EC0-301F-11D3-BF4B-00C04F79EFBC}") = "024_Integer", "024_Integer\024_Integer.csproj", "{BDA606A5-A286-49AC-9908-15C4BD05DC11}"
EndProject
Global
	GlobalSection(SolutionConfigurationPlatforms) = preSolution
		Debug|Any CPU = Debug|Any CPU
		Release|Any CPU = Release|Any CPU
	EndGlobalSection
	GlobalSection(ProjectConfigurationPlatforms) = postSolution
		{4C7124BD-2915-4016-959F-D732A0BC2D1A}.Debug|Any CPU.ActiveCfg = Debug|Any CPU
		{4C7124BD-2915-4016-959F-D732A0BC2D1A}.Debug|Any CPU.Build.0 = Debug|Any CPU
		{4C7124BD-2915-4016-959F-D732A0BC2D1A}.Release|Any CPU.ActiveCfg = Release|Any CPU
		{4C7124BD-2915-4016-959F-D732A0BC2D1A}.Release|Any CPU.Build.0 = Release|Any CPU
		{64E5F2AD-5115-4C58-B9A4-AC4E0832E8FC}.Debug|Any CPU.ActiveCfg = Debug|Any CPU
		{64E5F2AD-5115-4C58-B9A4-AC4E0832E8FC}.Debug|Any CPU.Build.0 = Debug|Any CPU
		{64E5F2AD-5115-4C58-B9A4-AC4E0832E8FC}.Release|Any CPU.ActiveCfg = Release|Any CPU
		{64E5F2AD-5115-4C58-B9A4-AC4E0832E8FC}.Release|Any CPU.Build.0 = Release|Any CPU
		{550A6545-962B-4766-A04E-9ED1AC861D1D}.Debug|Any CPU.ActiveCfg = Debug|Any CPU
		{550A6545-962B-4766-A04E-9ED1AC861D1D}.Debug|Any CPU.Build.0 = Debug|Any CPU
		{550A6545-962B-4766-A04E-9ED1AC861D1D}.Release|Any CPU.ActiveCfg = Release|Any CPU
		{550A6545-962B-4766-A04E-9ED1AC861D1D}.Release|Any CPU.Build.0 = Release|Any CPU
		{C50BF39A-C38F-415D-8E56-8E7C9E8693A8}.Debug|Any CPU.ActiveCfg = Debug|Any CPU
		{C50BF39A-C38F-415D-8E56-8E7C9E8693A8}.Debug|Any CPU.Build.0 = Debug|Any CPU
		{C50BF39A-C38F-415D-8E56-8E7C9E8693A8}.Release|Any CPU.ActiveCfg = Release|Any CPU
		{C50BF39A-C38F-415D-8E56-8E7C9E8693A8}.Release|Any CPU.Build.0 = Release|Any CPU
		{1C530025-52E2-4000-8FF9-D996CE0F0FB7}.Debug|Any CPU.ActiveCfg = Debug|Any CPU
		{1C530025-52E2-4000-8FF9-D996CE0F0FB7}.Debug|Any CPU.Build.0 = Debug|Any CPU
		{1C530025-52E2-4000-8FF9-D996CE0F0FB7}.Release|Any CPU.ActiveCfg = Release|Any CPU
		{1C530025-52E2-4000-8FF9-D996CE0F0FB7}.Release|Any CPU.Build.0 = Release|Any CPU
		{6759E57F-F6F4-416E-B773-98D98678808A}.Debug|Any CPU.ActiveCfg = Debug|Any CPU
		{6759E57F-F6F4-416E-B773-98D98678808A}.Debug|Any CPU.Build.0 = Debug|Any CPU
		{6759E57F-F6F4-416E-B773-98D98678808A}.Release|Any CPU.ActiveCfg = Release|Any CPU
		{6759E57F-F6F4-416E-B773-98D98678808A}.Release|Any CPU.Build.0 = Release|Any CPU
		{3C51F631-1EBE-48E8-9C37-086B71403CE1}.Debug|Any CPU.ActiveCfg = Debug|Any CPU
		{3C51F631-1EBE-48E8-9C37-086B71403CE1}.Debug|Any CPU.Build.0 = Debug|Any CPU
		{3C51F631-1EBE-48E8-9C37-086B71403CE1}.Release|Any CPU.ActiveCfg = Release|Any CPU
		{3C51F631-1EBE-48E8-9C37-086B71403CE1}.Release|Any CPU.Build.0 = Release|Any CPU
		{A5F3A25F-8D23-4848-B99D-3BC845CD7D46}.Debug|Any CPU.ActiveCfg = Debug|Any CPU
		{A5F3A25F-8D23-4848-B99D-3BC845CD7D46}.Debug|Any CPU.Build.0 = Debug|Any CPU
		{A5F3A25F-8D23-4848-B99D-3BC845CD7D46}.Release|Any CPU.ActiveCfg = Release|Any CPU
		{A5F3A25F-8D23-4848-B99D-3BC845CD7D46}.Release|Any CPU.Build.0 = Release|Any CPU
		{3B9F8A83-BD16-4F5C-917F-2ADFC6686BBB}.Debug|Any CPU.ActiveCfg = Debug|Any CPU
		{3B9F8A83-BD16-4F5C-917F-2ADFC6686BBB}.Debug|Any CPU.Build.0 = Debug|Any CPU
		{3B9F8A83-BD16-4F5C-917F-2ADFC6686BBB}.Release|Any CPU.ActiveCfg = Release|Any CPU
		{3B9F8A83-BD16-4F5C-917F-2ADFC6686BBB}.Release|Any CPU.Build.0 = Release|Any CPU
		{6F8AC95E-3FD2-4409-89F4-EF64FA373DA4}.Debug|Any CPU.ActiveCfg = Debug|Any CPU
		{6F8AC95E-3FD2-4409-89F4-EF64FA373DA4}.Debug|Any CPU.Build.0 = Debug|Any CPU
		{6F8AC95E-3FD2-4409-89F4-EF64FA373DA4}.Release|Any CPU.ActiveCfg = Release|Any CPU
		{6F8AC95E-3FD2-4409-89F4-EF64FA373DA4}.Release|Any CPU.Build.0 = Release|Any CPU
		{A349E873-2DB3-4E7C-A736-8EEE88891697}.Debug|Any CPU.ActiveCfg = Debug|Any CPU
		{A349E873-2DB3-4E7C-A736-8EEE88891697}.Debug|Any CPU.Build.0 = Debug|Any CPU
		{A349E873-2DB3-4E7C-A736-8EEE88891697}.Release|Any CPU.ActiveCfg = Release|Any CPU
		{A349E873-2DB3-4E7C-A736-8EEE88891697}.Release|Any CPU.Build.0 = Release|Any CPU
		{51594D57-48E2-465F-A994-634F82C2044F}.Debug|Any CPU.ActiveCfg = Debug|Any CPU
		{51594D57-48E2-465F-A994-634F82C2044F}.Debug|Any CPU.Build.0 = Debug|Any CPU
		{51594D57-48E2-465F-A994-634F82C2044F}.Release|Any CPU.ActiveCfg = Release|Any CPU
		{51594D57-48E2-465F-A994-634F82C2044F}.Release|Any CPU.Build.0 = Release|Any CPU
		{1F0C3BA0-AE8F-418E-9E27-AD6111B9F169}.Debug|Any CPU.ActiveCfg = Debug|Any CPU
		{1F0C3BA0-AE8F-418E-9E27-AD6111B9F169}.Debug|Any CPU.Build.0 = Debug|Any CPU
		{1F0C3BA0-AE8F-418E-9E27-AD6111B9F169}.Release|Any CPU.ActiveCfg = Release|Any CPU
		{1F0C3BA0-AE8F-418E-9E27-AD6111B9F169}.Release|Any CPU.Build.0 = Release|Any CPU
		{563C88A8-5EC3-4CB2-99DE-3345431E5B4C}.Debug|Any CPU.ActiveCfg = Debug|Any CPU
		{563C88A8-5EC3-4CB2-99DE-3345431E5B4C}.Debug|Any CPU.Build.0 = Debug|Any CPU
		{563C88A8-5EC3-4CB2-99DE-3345431E5B4C}.Release|Any CPU.ActiveCfg = Release|Any CPU
		{563C88A8-5EC3-4CB2-99DE-3345431E5B4C}.Release|Any CPU.Build.0 = Release|Any CPU
		{C7711A1D-3F02-4273-8B4E-95388BA18DB5}.Debug|Any CPU.ActiveCfg = Debug|Any CPU
		{C7711A1D-3F02-4273-8B4E-95388BA18DB5}.Debug|Any CPU.Build.0 = Debug|Any CPU
		{C7711A1D-3F02-4273-8B4E-95388BA18DB5}.Release|Any CPU.ActiveCfg = Release|Any CPU
		{C7711A1D-3F02-4273-8B4E-95388BA18DB5}.Release|Any CPU.Build.0 = Release|Any CPU
		{A93F9EEB-23A8-415A-987F-2E91480EE486}.Debug|Any CPU.ActiveCfg = Debug|Any CPU
		{A93F9EEB-23A8-415A-987F-2E91480EE486}.Debug|Any CPU.Build.0 = Debug|Any CPU
		{A93F9EEB-23A8-415A-987F-2E91480EE486}.Release|Any CPU.ActiveCfg = Release|Any CPU
		{A93F9EEB-23A8-415A-987F-2E91480EE486}.Release|Any CPU.Build.0 = Release|Any CPU
		{19A73591-1143-411D-9A86-1D0FFF057001}.Debug|Any CPU.ActiveCfg = Debug|Any CPU
		{19A73591-1143-411D-9A86-1D0FFF057001}.Debug|Any CPU.Build.0 = Debug|Any CPU
		{19A73591-1143-411D-9A86-1D0FFF057001}.Release|Any CPU.ActiveCfg = Release|Any CPU
		{19A73591-1143-411D-9A86-1D0FFF057001}.Release|Any CPU.Build.0 = Release|Any CPU
		{28149EA8-B4BD-47A9-840C-BF19DED53980}.Debug|Any CPU.ActiveCfg = Debug|Any CPU
		{28149EA8-B4BD-47A9-840C-BF19DED53980}.Debug|Any CPU.Build.0 = Debug|Any CPU
		{28149EA8-B4BD-47A9-840C-BF19DED53980}.Release|Any CPU.ActiveCfg = Release|Any CPU
		{28149EA8-B4BD-47A9-840C-BF19DED53980}.Release|Any CPU.Build.0 = Release|Any CPU
		{2A45FDFF-C81D-43C7-8986-4FB60F206169}.Debug|Any CPU.ActiveCfg = Debug|Any CPU
		{2A45FDFF-C81D-43C7-8986-4FB60F206169}.Debug|Any CPU.Build.0 = Debug|Any CPU
		{2A45FDFF-C81D-43C7-8986-4FB60F206169}.Release|Any CPU.ActiveCfg = Release|Any CPU
		{2A45FDFF-C81D-43C7-8986-4FB60F206169}.Release|Any CPU.Build.0 = Release|Any CPU
		{47C483A4-F8FA-4C24-AA34-A31FA733C5E5}.Debug|Any CPU.ActiveCfg = Debug|Any CPU
		{47C483A4-F8FA-4C24-AA34-A31FA733C5E5}.Debug|Any CPU.Build.0 = Debug|Any CPU
		{47C483A4-F8FA-4C24-AA34-A31FA733C5E5}.Release|Any CPU.ActiveCfg = Release|Any CPU
		{47C483A4-F8FA-4C24-AA34-A31FA733C5E5}.Release|Any CPU.Build.0 = Release|Any CPU
		{2C62C185-09B9-454E-95E8-B349ABCAE22C}.Debug|Any CPU.ActiveCfg = Debug|Any CPU
		{2C62C185-09B9-454E-95E8-B349ABCAE22C}.Debug|Any CPU.Build.0 = Debug|Any CPU
		{2C62C185-09B9-454E-95E8-B349ABCAE22C}.Release|Any CPU.ActiveCfg = Release|Any CPU
		{2C62C185-09B9-454E-95E8-B349ABCAE22C}.Release|Any CPU.Build.0 = Release|Any CPU
		{0E071D14-7C29-45B9-843A-A5A58555A3AE}.Debug|Any CPU.ActiveCfg = Debug|Any CPU
		{0E071D14-7C29-45B9-843A-A5A58555A3AE}.Debug|Any CPU.Build.0 = Debug|Any CPU
		{0E071D14-7C29-45B9-843A-A5A58555A3AE}.Release|Any CPU.ActiveCfg = Release|Any CPU
		{0E071D14-7C29-45B9-843A-A5A58555A3AE}.Release|Any CPU.Build.0 = Release|Any CPU
		{30F51720-8041-4DD7-9649-ABA6D2A7644B}.Debug|Any CPU.ActiveCfg = Debug|Any CPU
		{30F51720-8041-4DD7-9649-ABA6D2A7644B}.Debug|Any CPU.Build.0 = Debug|Any CPU
		{30F51720-8041-4DD7-9649-ABA6D2A7644B}.Release|Any CPU.ActiveCfg = Release|Any CPU
		{30F51720-8041-4DD7-9649-ABA6D2A7644B}.Release|Any CPU.Build.0 = Release|Any CPU
		{6F6A51A8-2F9B-4438-B19E-210F231F539C}.Debug|Any CPU.ActiveCfg = Debug|Any CPU
		{6F6A51A8-2F9B-4438-B19E-210F231F539C}.Debug|Any CPU.Build.0 = Debug|Any CPU
		{6F6A51A8-2F9B-4438-B19E-210F231F539C}.Release|Any CPU.ActiveCfg = Release|Any CPU
		{6F6A51A8-2F9B-4438-B19E-210F231F539C}.Release|Any CPU.Build.0 = Release|Any CPU
		{BDA606A5-A286-49AC-9908-15C4BD05DC11}.Debug|Any CPU.ActiveCfg = Debug|Any CPU
		{BDA606A5-A286-49AC-9908-15C4BD05DC11}.Debug|Any CPU.Build.0 = Debug|Any CPU
		{BDA606A5-A286-49AC-9908-15C4BD05DC11}.Release|Any CPU.ActiveCfg = Release|Any CPU
		{BDA606A5-A286-49AC-9908-15C4BD05DC11}.Release|Any CPU.Build.0 = Release|Any CPU
	EndGlobalSection
	GlobalSection(SolutionProperties) = preSolution
		HideSolutionNode = FALSE
	EndGlobalSection
	GlobalSection(ExtensibilityGlobals) = postSolution
		SolutionGuid = {51929D5E-F63C-47DA-B728-791991AD254E}
	EndGlobalSection
EndGlobal
